
Microsoft Visual Studio Solution File, Format Version 12.00
# Visual Studio Version 16
VisualStudioVersion = 16.0.30413.136
MinimumVisualStudioVersion = 10.0.40219.1
Project("{FAE04EC0-301F-11D3-BF4B-00C04F79EFBC}") = "CSIS483_ELearning_WebApplication", "CSIS483_ELearning_WebApplication\CSIS483_ELearning_WebApplication.csproj", "{9EB8B223-8757-456C-B65B-D70657AED76C}"
EndProject
Global
	GlobalSection(SolutionConfigurationPlatforms) = preSolution
		Debug|Any CPU = Debug|Any CPU
		Release|Any CPU = Release|Any CPU
	EndGlobalSection
	GlobalSection(ProjectConfigurationPlatforms) = postSolution
		{9EB8B223-8757-456C-B65B-D70657AED76C}.Debug|Any CPU.ActiveCfg = Debug|Any CPU
		{9EB8B223-8757-456C-B65B-D70657AED76C}.Debug|Any CPU.Build.0 = Debug|Any CPU
		{9EB8B223-8757-456C-B65B-D70657AED76C}.Release|Any CPU.ActiveCfg = Release|Any CPU
		{9EB8B223-8757-456C-B65B-D70657AED76C}.Release|Any CPU.Build.0 = Release|Any CPU
	EndGlobalSection
	GlobalSection(SolutionProperties) = preSolution
		HideSolutionNode = FALSE
	EndGlobalSection
	GlobalSection(ExtensibilityGlobals) = postSolution
		SolutionGuid = {D3299EA5-66CE-4F6B-8108-653FBD20DF9F}
	EndGlobalSection
EndGlobal
